// !$*UTF8*$!
{
	archiveVersion = 1;
	classes = {
	};
	objectVersion = 50;
	objects = {

/* Begin PBXBuildFile section */
		C308ACCF259C3B3600242A6D /* CacheFeedUseCaseTests.swift in Sources */ = {isa = PBXBuildFile; fileRef = C308ACCE259C3B3600242A6D /* CacheFeedUseCaseTests.swift */; };
		C314E32525A2CBD800F9F91F /* ValidateFeedCacheUseCaseTests.swift in Sources */ = {isa = PBXBuildFile; fileRef = C314E32425A2CBD800F9F91F /* ValidateFeedCacheUseCaseTests.swift */; };
		C314E32A25A2D30300F9F91F /* FeedCacheTestHelpers.swift in Sources */ = {isa = PBXBuildFile; fileRef = C314E32925A2D30300F9F91F /* FeedCacheTestHelpers.swift */; };
		C314E32F25A2D3B600F9F91F /* SharedTestHelpers.swift in Sources */ = {isa = PBXBuildFile; fileRef = C314E32E25A2D3B600F9F91F /* SharedTestHelpers.swift */; };
		C314E33425A3CDA100F9F91F /* FeedCachePolicy.swift in Sources */ = {isa = PBXBuildFile; fileRef = C314E33325A3CDA100F9F91F /* FeedCachePolicy.swift */; };
		C314E33925A3E4C600F9F91F /* CodableFeedStoreTests.swift in Sources */ = {isa = PBXBuildFile; fileRef = C314E33825A3E4C600F9F91F /* CodableFeedStoreTests.swift */; };
		C3726E63259E63EA004C39CD /* LoadFeedFromCacheUserCaseTests.swift in Sources */ = {isa = PBXBuildFile; fileRef = C3726E62259E63E9004C39CD /* LoadFeedFromCacheUserCaseTests.swift */; };
		C3726E68259E642E004C39CD /* FeedStoreSpy.swift in Sources */ = {isa = PBXBuildFile; fileRef = C3726E67259E642E004C39CD /* FeedStoreSpy.swift */; };
		C3C4B38B259D259700B86B82 /* LocalFeedLoader.swift in Sources */ = {isa = PBXBuildFile; fileRef = C3C4B38A259D259700B86B82 /* LocalFeedLoader.swift */; };
		C3C4B393259D25AC00B86B82 /* FeedStore.swift in Sources */ = {isa = PBXBuildFile; fileRef = C3C4B392259D25AC00B86B82 /* FeedStore.swift */; };
		C3C4B398259D816B00B86B82 /* RemoteFeedItem.swift in Sources */ = {isa = PBXBuildFile; fileRef = C3C4B397259D816B00B86B82 /* RemoteFeedItem.swift */; };
		C3C4B39D259D819400B86B82 /* LocalFeedImage.swift in Sources */ = {isa = PBXBuildFile; fileRef = C3C4B39C259D819400B86B82 /* LocalFeedImage.swift */; };
		C3D5ED822589828500E4B234 /* EssentialFeed.framework in Frameworks */ = {isa = PBXBuildFile; fileRef = C3D5ED782589828500E4B234 /* EssentialFeed.framework */; };
		C3D5ED892589828500E4B234 /* EssentialFeed.h in Headers */ = {isa = PBXBuildFile; fileRef = C3D5ED7B2589828500E4B234 /* EssentialFeed.h */; settings = {ATTRIBUTES = (Public, ); }; };
		C3D5ED952589829A00E4B234 /* FeedItem.swift in Sources */ = {isa = PBXBuildFile; fileRef = C3D5ED942589829A00E4B234 /* FeedItem.swift */; };
		C3D5ED99258982F800E4B234 /* FeedLoader.swift in Sources */ = {isa = PBXBuildFile; fileRef = C3D5ED98258982F800E4B234 /* FeedLoader.swift */; };
		C3D5EDA32589860C00E4B234 /* LoadFeedFromRemoteUserCaseTests.swift in Sources */ = {isa = PBXBuildFile; fileRef = C3D5EDA22589860C00E4B234 /* LoadFeedFromRemoteUserCaseTests.swift */; };
		C3D5EDA82589940B00E4B234 /* RemoteFeedLoader.swift in Sources */ = {isa = PBXBuildFile; fileRef = C3D5EDA72589940B00E4B234 /* RemoteFeedLoader.swift */; };
		C3D5EDF125916B1700E4B234 /* HTTPClient.swift in Sources */ = {isa = PBXBuildFile; fileRef = C3D5EDF025916B1600E4B234 /* HTTPClient.swift */; };
		C3D5EDF525916B5D00E4B234 /* FeedItemsMapper.swift in Sources */ = {isa = PBXBuildFile; fileRef = C3D5EDF425916B5D00E4B234 /* FeedItemsMapper.swift */; };
		C3D5EDFE2592B4FA00E4B234 /* URLSessionHTTPClientTests.swift in Sources */ = {isa = PBXBuildFile; fileRef = C3D5EDFD2592B4FA00E4B234 /* URLSessionHTTPClientTests.swift */; };
		C3E1331E2593F9D9001C90B4 /* EssentialFeedAPIEndToEndTests.swift in Sources */ = {isa = PBXBuildFile; fileRef = C3E1331D2593F9D9001C90B4 /* EssentialFeedAPIEndToEndTests.swift */; };
		C3E133202593F9D9001C90B4 /* EssentialFeed.framework in Frameworks */ = {isa = PBXBuildFile; fileRef = C3D5ED782589828500E4B234 /* EssentialFeed.framework */; };
		C3E13329259401C0001C90B4 /* XCTestCase+MemoryLeakTracking.swift in Sources */ = {isa = PBXBuildFile; fileRef = C3F60DD42593162600A26E27 /* XCTestCase+MemoryLeakTracking.swift */; };
		C3F60DD52593162600A26E27 /* XCTestCase+MemoryLeakTracking.swift in Sources */ = {isa = PBXBuildFile; fileRef = C3F60DD42593162600A26E27 /* XCTestCase+MemoryLeakTracking.swift */; };
		C3F60DDB2593F1D000A26E27 /* URLSessionHTTPClient.swift in Sources */ = {isa = PBXBuildFile; fileRef = C3F60DDA2593F1D000A26E27 /* URLSessionHTTPClient.swift */; };
/* End PBXBuildFile section */

/* Begin PBXContainerItemProxy section */
		C3D5ED832589828500E4B234 /* PBXContainerItemProxy */ = {
			isa = PBXContainerItemProxy;
			containerPortal = C3D5ED6F2589828400E4B234 /* Project object */;
			proxyType = 1;
			remoteGlobalIDString = C3D5ED772589828500E4B234;
			remoteInfo = EssentialFeed;
		};
		C3E133212593F9D9001C90B4 /* PBXContainerItemProxy */ = {
			isa = PBXContainerItemProxy;
			containerPortal = C3D5ED6F2589828400E4B234 /* Project object */;
			proxyType = 1;
			remoteGlobalIDString = C3D5ED772589828500E4B234;
			remoteInfo = EssentialFeed;
		};
/* End PBXContainerItemProxy section */

/* Begin PBXFileReference section */
		C308ACCE259C3B3600242A6D /* CacheFeedUseCaseTests.swift */ = {isa = PBXFileReference; lastKnownFileType = sourcecode.swift; path = CacheFeedUseCaseTests.swift; sourceTree = "<group>"; };
		C314E32425A2CBD800F9F91F /* ValidateFeedCacheUseCaseTests.swift */ = {isa = PBXFileReference; lastKnownFileType = sourcecode.swift; path = ValidateFeedCacheUseCaseTests.swift; sourceTree = "<group>"; };
		C314E32925A2D30300F9F91F /* FeedCacheTestHelpers.swift */ = {isa = PBXFileReference; lastKnownFileType = sourcecode.swift; path = FeedCacheTestHelpers.swift; sourceTree = "<group>"; };
		C314E32E25A2D3B600F9F91F /* SharedTestHelpers.swift */ = {isa = PBXFileReference; lastKnownFileType = sourcecode.swift; path = SharedTestHelpers.swift; sourceTree = "<group>"; };
		C314E33325A3CDA100F9F91F /* FeedCachePolicy.swift */ = {isa = PBXFileReference; lastKnownFileType = sourcecode.swift; path = FeedCachePolicy.swift; sourceTree = "<group>"; };
		C314E33825A3E4C600F9F91F /* CodableFeedStoreTests.swift */ = {isa = PBXFileReference; lastKnownFileType = sourcecode.swift; path = CodableFeedStoreTests.swift; sourceTree = "<group>"; };
		C3726E62259E63E9004C39CD /* LoadFeedFromCacheUserCaseTests.swift */ = {isa = PBXFileReference; lastKnownFileType = sourcecode.swift; path = LoadFeedFromCacheUserCaseTests.swift; sourceTree = "<group>"; };
		C3726E67259E642E004C39CD /* FeedStoreSpy.swift */ = {isa = PBXFileReference; lastKnownFileType = sourcecode.swift; path = FeedStoreSpy.swift; sourceTree = "<group>"; };
		C3C4B38A259D259700B86B82 /* LocalFeedLoader.swift */ = {isa = PBXFileReference; lastKnownFileType = sourcecode.swift; path = LocalFeedLoader.swift; sourceTree = "<group>"; };
		C3C4B392259D25AC00B86B82 /* FeedStore.swift */ = {isa = PBXFileReference; lastKnownFileType = sourcecode.swift; path = FeedStore.swift; sourceTree = "<group>"; };
		C3C4B397259D816B00B86B82 /* RemoteFeedItem.swift */ = {isa = PBXFileReference; lastKnownFileType = sourcecode.swift; path = RemoteFeedItem.swift; sourceTree = "<group>"; };
		C3C4B39C259D819400B86B82 /* LocalFeedImage.swift */ = {isa = PBXFileReference; lastKnownFileType = sourcecode.swift; path = LocalFeedImage.swift; sourceTree = "<group>"; };
		C3D5ED782589828500E4B234 /* EssentialFeed.framework */ = {isa = PBXFileReference; explicitFileType = wrapper.framework; includeInIndex = 0; path = EssentialFeed.framework; sourceTree = BUILT_PRODUCTS_DIR; };
		C3D5ED7B2589828500E4B234 /* EssentialFeed.h */ = {isa = PBXFileReference; lastKnownFileType = sourcecode.c.h; path = EssentialFeed.h; sourceTree = "<group>"; };
		C3D5ED7C2589828500E4B234 /* Info.plist */ = {isa = PBXFileReference; lastKnownFileType = text.plist.xml; path = Info.plist; sourceTree = "<group>"; };
		C3D5ED812589828500E4B234 /* EssentialFeedTests.xctest */ = {isa = PBXFileReference; explicitFileType = wrapper.cfbundle; includeInIndex = 0; path = EssentialFeedTests.xctest; sourceTree = BUILT_PRODUCTS_DIR; };
		C3D5ED882589828500E4B234 /* Info.plist */ = {isa = PBXFileReference; lastKnownFileType = text.plist.xml; path = Info.plist; sourceTree = "<group>"; };
		C3D5ED942589829A00E4B234 /* FeedItem.swift */ = {isa = PBXFileReference; lastKnownFileType = sourcecode.swift; path = FeedItem.swift; sourceTree = "<group>"; };
		C3D5ED98258982F800E4B234 /* FeedLoader.swift */ = {isa = PBXFileReference; lastKnownFileType = sourcecode.swift; path = FeedLoader.swift; sourceTree = "<group>"; };
		C3D5EDA12589860C00E4B234 /* EssentialFeedTests-Bridging-Header.h */ = {isa = PBXFileReference; lastKnownFileType = sourcecode.c.h; path = "EssentialFeedTests-Bridging-Header.h"; sourceTree = "<group>"; };
		C3D5EDA22589860C00E4B234 /* LoadFeedFromRemoteUserCaseTests.swift */ = {isa = PBXFileReference; lastKnownFileType = sourcecode.swift; path = LoadFeedFromRemoteUserCaseTests.swift; sourceTree = "<group>"; };
		C3D5EDA72589940B00E4B234 /* RemoteFeedLoader.swift */ = {isa = PBXFileReference; lastKnownFileType = sourcecode.swift; path = RemoteFeedLoader.swift; sourceTree = "<group>"; };
		C3D5EDF025916B1600E4B234 /* HTTPClient.swift */ = {isa = PBXFileReference; lastKnownFileType = sourcecode.swift; path = HTTPClient.swift; sourceTree = "<group>"; };
		C3D5EDF425916B5D00E4B234 /* FeedItemsMapper.swift */ = {isa = PBXFileReference; lastKnownFileType = sourcecode.swift; path = FeedItemsMapper.swift; sourceTree = "<group>"; };
		C3D5EDFD2592B4FA00E4B234 /* URLSessionHTTPClientTests.swift */ = {isa = PBXFileReference; lastKnownFileType = sourcecode.swift; path = URLSessionHTTPClientTests.swift; sourceTree = "<group>"; };
		C3E1331B2593F9D9001C90B4 /* EssentialFeedAPIEndToEndTests.xctest */ = {isa = PBXFileReference; explicitFileType = wrapper.cfbundle; includeInIndex = 0; path = EssentialFeedAPIEndToEndTests.xctest; sourceTree = BUILT_PRODUCTS_DIR; };
		C3E1331D2593F9D9001C90B4 /* EssentialFeedAPIEndToEndTests.swift */ = {isa = PBXFileReference; lastKnownFileType = sourcecode.swift; path = EssentialFeedAPIEndToEndTests.swift; sourceTree = "<group>"; };
		C3E1331F2593F9D9001C90B4 /* Info.plist */ = {isa = PBXFileReference; lastKnownFileType = text.plist.xml; path = Info.plist; sourceTree = "<group>"; };
		C3F60DD42593162600A26E27 /* XCTestCase+MemoryLeakTracking.swift */ = {isa = PBXFileReference; lastKnownFileType = sourcecode.swift; path = "XCTestCase+MemoryLeakTracking.swift"; sourceTree = "<group>"; };
		C3F60DDA2593F1D000A26E27 /* URLSessionHTTPClient.swift */ = {isa = PBXFileReference; lastKnownFileType = sourcecode.swift; path = URLSessionHTTPClient.swift; sourceTree = "<group>"; };
/* End PBXFileReference section */

/* Begin PBXFrameworksBuildPhase section */
		C3D5ED752589828500E4B234 /* Frameworks */ = {
			isa = PBXFrameworksBuildPhase;
			buildActionMask = 2147483647;
			files = (
			);
			runOnlyForDeploymentPostprocessing = 0;
		};
		C3D5ED7E2589828500E4B234 /* Frameworks */ = {
			isa = PBXFrameworksBuildPhase;
			buildActionMask = 2147483647;
			files = (
				C3D5ED822589828500E4B234 /* EssentialFeed.framework in Frameworks */,
			);
			runOnlyForDeploymentPostprocessing = 0;
		};
		C3E133182593F9D9001C90B4 /* Frameworks */ = {
			isa = PBXFrameworksBuildPhase;
			buildActionMask = 2147483647;
			files = (
				C3E133202593F9D9001C90B4 /* EssentialFeed.framework in Frameworks */,
			);
			runOnlyForDeploymentPostprocessing = 0;
		};
/* End PBXFrameworksBuildPhase section */

/* Begin PBXGroup section */
		C308ACCD259C3B2400242A6D /* Feed Cache */ = {
			isa = PBXGroup;
			children = (
				C3726E6C259E653B004C39CD /* Helpers */,
				C308ACCE259C3B3600242A6D /* CacheFeedUseCaseTests.swift */,
				C3726E62259E63E9004C39CD /* LoadFeedFromCacheUserCaseTests.swift */,
				C314E32425A2CBD800F9F91F /* ValidateFeedCacheUseCaseTests.swift */,
				C314E33825A3E4C600F9F91F /* CodableFeedStoreTests.swift */,
			);
			path = "Feed Cache";
			sourceTree = "<group>";
		};
		C3726E6C259E653B004C39CD /* Helpers */ = {
			isa = PBXGroup;
			children = (
				C3726E67259E642E004C39CD /* FeedStoreSpy.swift */,
				C314E32925A2D30300F9F91F /* FeedCacheTestHelpers.swift */,
			);
			path = Helpers;
			sourceTree = "<group>";
		};
		C3C4B389259D258700B86B82 /* Feed Cache */ = {
			isa = PBXGroup;
			children = (
				C3C4B38A259D259700B86B82 /* LocalFeedLoader.swift */,
				C3C4B392259D25AC00B86B82 /* FeedStore.swift */,
				C3C4B39C259D819400B86B82 /* LocalFeedImage.swift */,
				C314E33325A3CDA100F9F91F /* FeedCachePolicy.swift */,
			);
			path = "Feed Cache";
			sourceTree = "<group>";
		};
		C3D5ED6E2589828400E4B234 = {
			isa = PBXGroup;
			children = (
				C3D5ED7A2589828500E4B234 /* EssentialFeed */,
				C3D5ED852589828500E4B234 /* EssentialFeedTests */,
				C3E1331C2593F9D9001C90B4 /* EssentialFeedAPIEndToEndTests */,
				C3D5ED792589828500E4B234 /* Products */,
			);
			sourceTree = "<group>";
		};
		C3D5ED792589828500E4B234 /* Products */ = {
			isa = PBXGroup;
			children = (
				C3D5ED782589828500E4B234 /* EssentialFeed.framework */,
				C3D5ED812589828500E4B234 /* EssentialFeedTests.xctest */,
				C3E1331B2593F9D9001C90B4 /* EssentialFeedAPIEndToEndTests.xctest */,
			);
			name = Products;
			sourceTree = "<group>";
		};
		C3D5ED7A2589828500E4B234 /* EssentialFeed */ = {
			isa = PBXGroup;
			children = (
				C3D5ED7B2589828500E4B234 /* EssentialFeed.h */,
				C3C4B389259D258700B86B82 /* Feed Cache */,
				C3D5ED9C258983BD00E4B234 /* Feed Feature */,
				C3D5EDA6258993FD00E4B234 /* Feed API */,
				C3D5ED7C2589828500E4B234 /* Info.plist */,
			);
			path = EssentialFeed;
			sourceTree = "<group>";
		};
		C3D5ED852589828500E4B234 /* EssentialFeedTests */ = {
			isa = PBXGroup;
			children = (
				C3D5ED882589828500E4B234 /* Info.plist */,
				C3F60DD32593160D00A26E27 /* Helpers */,
				C308ACCD259C3B2400242A6D /* Feed Cache */,
				C3D5EDF8259178E000E4B234 /* Feed API */,
				C3D5EDA12589860C00E4B234 /* EssentialFeedTests-Bridging-Header.h */,
			);
			path = EssentialFeedTests;
			sourceTree = "<group>";
		};
		C3D5ED9C258983BD00E4B234 /* Feed Feature */ = {
			isa = PBXGroup;
			children = (
				C3D5ED98258982F800E4B234 /* FeedLoader.swift */,
				C3D5ED942589829A00E4B234 /* FeedItem.swift */,
			);
			path = "Feed Feature";
			sourceTree = "<group>";
		};
		C3D5EDA6258993FD00E4B234 /* Feed API */ = {
			isa = PBXGroup;
			children = (
				C3D5EDA72589940B00E4B234 /* RemoteFeedLoader.swift */,
				C3D5EDF025916B1600E4B234 /* HTTPClient.swift */,
				C3F60DDA2593F1D000A26E27 /* URLSessionHTTPClient.swift */,
				C3D5EDF425916B5D00E4B234 /* FeedItemsMapper.swift */,
				C3C4B397259D816B00B86B82 /* RemoteFeedItem.swift */,
			);
			path = "Feed API";
			sourceTree = "<group>";
		};
		C3D5EDF8259178E000E4B234 /* Feed API */ = {
			isa = PBXGroup;
			children = (
				C3D5EDA22589860C00E4B234 /* LoadFeedFromRemoteUserCaseTests.swift */,
				C3D5EDFD2592B4FA00E4B234 /* URLSessionHTTPClientTests.swift */,
			);
			path = "Feed API";
			sourceTree = "<group>";
		};
		C3E1331C2593F9D9001C90B4 /* EssentialFeedAPIEndToEndTests */ = {
			isa = PBXGroup;
			children = (
				C3E1331D2593F9D9001C90B4 /* EssentialFeedAPIEndToEndTests.swift */,
				C3E1331F2593F9D9001C90B4 /* Info.plist */,
			);
			path = EssentialFeedAPIEndToEndTests;
			sourceTree = "<group>";
		};
		C3F60DD32593160D00A26E27 /* Helpers */ = {
			isa = PBXGroup;
			children = (
				C3F60DD42593162600A26E27 /* XCTestCase+MemoryLeakTracking.swift */,
				C314E32E25A2D3B600F9F91F /* SharedTestHelpers.swift */,
			);
			path = Helpers;
			sourceTree = "<group>";
		};
/* End PBXGroup section */

/* Begin PBXHeadersBuildPhase section */
		C3D5ED732589828500E4B234 /* Headers */ = {
			isa = PBXHeadersBuildPhase;
			buildActionMask = 2147483647;
			files = (
				C3D5ED892589828500E4B234 /* EssentialFeed.h in Headers */,
			);
			runOnlyForDeploymentPostprocessing = 0;
		};
/* End PBXHeadersBuildPhase section */

/* Begin PBXNativeTarget section */
		C3D5ED772589828500E4B234 /* EssentialFeed */ = {
			isa = PBXNativeTarget;
			buildConfigurationList = C3D5ED8C2589828500E4B234 /* Build configuration list for PBXNativeTarget "EssentialFeed" */;
			buildPhases = (
				C3D5ED732589828500E4B234 /* Headers */,
				C3D5ED742589828500E4B234 /* Sources */,
				C3D5ED752589828500E4B234 /* Frameworks */,
				C3D5ED762589828500E4B234 /* Resources */,
			);
			buildRules = (
			);
			dependencies = (
			);
			name = EssentialFeed;
			productName = EssentialFeed;
			productReference = C3D5ED782589828500E4B234 /* EssentialFeed.framework */;
			productType = "com.apple.product-type.framework";
		};
		C3D5ED802589828500E4B234 /* EssentialFeedTests */ = {
			isa = PBXNativeTarget;
			buildConfigurationList = C3D5ED8F2589828500E4B234 /* Build configuration list for PBXNativeTarget "EssentialFeedTests" */;
			buildPhases = (
				C3D5ED7D2589828500E4B234 /* Sources */,
				C3D5ED7E2589828500E4B234 /* Frameworks */,
				C3D5ED7F2589828500E4B234 /* Resources */,
			);
			buildRules = (
			);
			dependencies = (
				C3D5ED842589828500E4B234 /* PBXTargetDependency */,
			);
			name = EssentialFeedTests;
			productName = EssentialFeedTests;
			productReference = C3D5ED812589828500E4B234 /* EssentialFeedTests.xctest */;
			productType = "com.apple.product-type.bundle.unit-test";
		};
		C3E1331A2593F9D9001C90B4 /* EssentialFeedAPIEndToEndTests */ = {
			isa = PBXNativeTarget;
			buildConfigurationList = C3E133232593F9D9001C90B4 /* Build configuration list for PBXNativeTarget "EssentialFeedAPIEndToEndTests" */;
			buildPhases = (
				C3E133172593F9D9001C90B4 /* Sources */,
				C3E133182593F9D9001C90B4 /* Frameworks */,
				C3E133192593F9D9001C90B4 /* Resources */,
			);
			buildRules = (
			);
			dependencies = (
				C3E133222593F9D9001C90B4 /* PBXTargetDependency */,
			);
			name = EssentialFeedAPIEndToEndTests;
			productName = EssentialFeedAPIEndToEndTests;
			productReference = C3E1331B2593F9D9001C90B4 /* EssentialFeedAPIEndToEndTests.xctest */;
			productType = "com.apple.product-type.bundle.unit-test";
		};
/* End PBXNativeTarget section */

/* Begin PBXProject section */
		C3D5ED6F2589828400E4B234 /* Project object */ = {
			isa = PBXProject;
			attributes = {
				LastSwiftUpdateCheck = 1230;
				LastUpgradeCheck = 1230;
				TargetAttributes = {
					C3D5ED772589828500E4B234 = {
						CreatedOnToolsVersion = 12.3;
						LastSwiftMigration = 1230;
					};
					C3D5ED802589828500E4B234 = {
						CreatedOnToolsVersion = 12.3;
						LastSwiftMigration = 1230;
					};
					C3E1331A2593F9D9001C90B4 = {
						CreatedOnToolsVersion = 12.3;
					};
				};
			};
			buildConfigurationList = C3D5ED722589828400E4B234 /* Build configuration list for PBXProject "EssentialFeed" */;
			compatibilityVersion = "Xcode 9.3";
			developmentRegion = en;
			hasScannedForEncodings = 0;
			knownRegions = (
				en,
				Base,
			);
			mainGroup = C3D5ED6E2589828400E4B234;
			productRefGroup = C3D5ED792589828500E4B234 /* Products */;
			projectDirPath = "";
			projectRoot = "";
			targets = (
				C3D5ED772589828500E4B234 /* EssentialFeed */,
				C3D5ED802589828500E4B234 /* EssentialFeedTests */,
				C3E1331A2593F9D9001C90B4 /* EssentialFeedAPIEndToEndTests */,
			);
		};
/* End PBXProject section */

/* Begin PBXResourcesBuildPhase section */
		C3D5ED762589828500E4B234 /* Resources */ = {
			isa = PBXResourcesBuildPhase;
			buildActionMask = 2147483647;
			files = (
			);
			runOnlyForDeploymentPostprocessing = 0;
		};
		C3D5ED7F2589828500E4B234 /* Resources */ = {
			isa = PBXResourcesBuildPhase;
			buildActionMask = 2147483647;
			files = (
			);
			runOnlyForDeploymentPostprocessing = 0;
		};
		C3E133192593F9D9001C90B4 /* Resources */ = {
			isa = PBXResourcesBuildPhase;
			buildActionMask = 2147483647;
			files = (
			);
			runOnlyForDeploymentPostprocessing = 0;
		};
/* End PBXResourcesBuildPhase section */

/* Begin PBXSourcesBuildPhase section */
		C3D5ED742589828500E4B234 /* Sources */ = {
			isa = PBXSourcesBuildPhase;
			buildActionMask = 2147483647;
			files = (
				C3D5EDF525916B5D00E4B234 /* FeedItemsMapper.swift in Sources */,
				C3D5ED99258982F800E4B234 /* FeedLoader.swift in Sources */,
				C3C4B398259D816B00B86B82 /* RemoteFeedItem.swift in Sources */,
				C314E33425A3CDA100F9F91F /* FeedCachePolicy.swift in Sources */,
				C3D5EDA82589940B00E4B234 /* RemoteFeedLoader.swift in Sources */,
				C3C4B39D259D819400B86B82 /* LocalFeedImage.swift in Sources */,
				C3C4B393259D25AC00B86B82 /* FeedStore.swift in Sources */,
				C3C4B38B259D259700B86B82 /* LocalFeedLoader.swift in Sources */,
				C3D5EDF125916B1700E4B234 /* HTTPClient.swift in Sources */,
				C3D5ED952589829A00E4B234 /* FeedItem.swift in Sources */,
				C3F60DDB2593F1D000A26E27 /* URLSessionHTTPClient.swift in Sources */,
			);
			runOnlyForDeploymentPostprocessing = 0;
		};
		C3D5ED7D2589828500E4B234 /* Sources */ = {
			isa = PBXSourcesBuildPhase;
			buildActionMask = 2147483647;
			files = (
				C314E33925A3E4C600F9F91F /* CodableFeedStoreTests.swift in Sources */,
				C314E32A25A2D30300F9F91F /* FeedCacheTestHelpers.swift in Sources */,
				C314E32525A2CBD800F9F91F /* ValidateFeedCacheUseCaseTests.swift in Sources */,
				C3D5EDA32589860C00E4B234 /* LoadFeedFromRemoteUserCaseTests.swift in Sources */,
				C3D5EDFE2592B4FA00E4B234 /* URLSessionHTTPClientTests.swift in Sources */,
				C3726E68259E642E004C39CD /* FeedStoreSpy.swift in Sources */,
				C314E32F25A2D3B600F9F91F /* SharedTestHelpers.swift in Sources */,
				C3726E63259E63EA004C39CD /* LoadFeedFromCacheUserCaseTests.swift in Sources */,
				C308ACCF259C3B3600242A6D /* CacheFeedUseCaseTests.swift in Sources */,
				C3F60DD52593162600A26E27 /* XCTestCase+MemoryLeakTracking.swift in Sources */,
			);
			runOnlyForDeploymentPostprocessing = 0;
		};
		C3E133172593F9D9001C90B4 /* Sources */ = {
			isa = PBXSourcesBuildPhase;
			buildActionMask = 2147483647;
			files = (
				C3E1331E2593F9D9001C90B4 /* EssentialFeedAPIEndToEndTests.swift in Sources */,
				C3E13329259401C0001C90B4 /* XCTestCase+MemoryLeakTracking.swift in Sources */,
			);
			runOnlyForDeploymentPostprocessing = 0;
		};
/* End PBXSourcesBuildPhase section */

/* Begin PBXTargetDependency section */
		C3D5ED842589828500E4B234 /* PBXTargetDependency */ = {
			isa = PBXTargetDependency;
			target = C3D5ED772589828500E4B234 /* EssentialFeed */;
			targetProxy = C3D5ED832589828500E4B234 /* PBXContainerItemProxy */;
		};
		C3E133222593F9D9001C90B4 /* PBXTargetDependency */ = {
			isa = PBXTargetDependency;
			target = C3D5ED772589828500E4B234 /* EssentialFeed */;
			targetProxy = C3E133212593F9D9001C90B4 /* PBXContainerItemProxy */;
		};
/* End PBXTargetDependency section */

/* Begin XCBuildConfiguration section */
		C3D5ED8A2589828500E4B234 /* Debug */ = {
			isa = XCBuildConfiguration;
			buildSettings = {
				ALWAYS_SEARCH_USER_PATHS = NO;
				CLANG_ANALYZER_NONNULL = YES;
				CLANG_ANALYZER_NUMBER_OBJECT_CONVERSION = YES_AGGRESSIVE;
				CLANG_CXX_LANGUAGE_STANDARD = "gnu++14";
				CLANG_CXX_LIBRARY = "libc++";
				CLANG_ENABLE_MODULES = YES;
				CLANG_ENABLE_OBJC_ARC = YES;
				CLANG_ENABLE_OBJC_WEAK = YES;
				CLANG_WARN_BLOCK_CAPTURE_AUTORELEASING = YES;
				CLANG_WARN_BOOL_CONVERSION = YES;
				CLANG_WARN_COMMA = YES;
				CLANG_WARN_CONSTANT_CONVERSION = YES;
				CLANG_WARN_DEPRECATED_OBJC_IMPLEMENTATIONS = YES;
				CLANG_WARN_DIRECT_OBJC_ISA_USAGE = YES_ERROR;
				CLANG_WARN_DOCUMENTATION_COMMENTS = YES;
				CLANG_WARN_EMPTY_BODY = YES;
				CLANG_WARN_ENUM_CONVERSION = YES;
				CLANG_WARN_INFINITE_RECURSION = YES;
				CLANG_WARN_INT_CONVERSION = YES;
				CLANG_WARN_NON_LITERAL_NULL_CONVERSION = YES;
				CLANG_WARN_OBJC_IMPLICIT_RETAIN_SELF = YES;
				CLANG_WARN_OBJC_LITERAL_CONVERSION = YES;
				CLANG_WARN_OBJC_ROOT_CLASS = YES_ERROR;
				CLANG_WARN_QUOTED_INCLUDE_IN_FRAMEWORK_HEADER = YES;
				CLANG_WARN_RANGE_LOOP_ANALYSIS = YES;
				CLANG_WARN_STRICT_PROTOTYPES = YES;
				CLANG_WARN_SUSPICIOUS_MOVE = YES;
				CLANG_WARN_UNGUARDED_AVAILABILITY = YES_AGGRESSIVE;
				CLANG_WARN_UNREACHABLE_CODE = YES;
				CLANG_WARN__DUPLICATE_METHOD_MATCH = YES;
				COPY_PHASE_STRIP = NO;
				CURRENT_PROJECT_VERSION = 1;
				DEBUG_INFORMATION_FORMAT = dwarf;
				ENABLE_STRICT_OBJC_MSGSEND = YES;
				ENABLE_TESTABILITY = YES;
				GCC_C_LANGUAGE_STANDARD = gnu11;
				GCC_DYNAMIC_NO_PIC = NO;
				GCC_NO_COMMON_BLOCKS = YES;
				GCC_OPTIMIZATION_LEVEL = 0;
				GCC_PREPROCESSOR_DEFINITIONS = (
					"DEBUG=1",
					"$(inherited)",
				);
				GCC_WARN_64_TO_32_BIT_CONVERSION = YES;
				GCC_WARN_ABOUT_RETURN_TYPE = YES_ERROR;
				GCC_WARN_UNDECLARED_SELECTOR = YES;
				GCC_WARN_UNINITIALIZED_AUTOS = YES_AGGRESSIVE;
				GCC_WARN_UNUSED_FUNCTION = YES;
				GCC_WARN_UNUSED_VARIABLE = YES;
				IPHONEOS_DEPLOYMENT_TARGET = 14.3;
				MTL_ENABLE_DEBUG_INFO = INCLUDE_SOURCE;
				MTL_FAST_MATH = YES;
				ONLY_ACTIVE_ARCH = YES;
				SDKROOT = iphoneos;
				SWIFT_ACTIVE_COMPILATION_CONDITIONS = DEBUG;
				SWIFT_OPTIMIZATION_LEVEL = "-Onone";
				VERSIONING_SYSTEM = "apple-generic";
				VERSION_INFO_PREFIX = "";
			};
			name = Debug;
		};
		C3D5ED8B2589828500E4B234 /* Release */ = {
			isa = XCBuildConfiguration;
			buildSettings = {
				ALWAYS_SEARCH_USER_PATHS = NO;
				CLANG_ANALYZER_NONNULL = YES;
				CLANG_ANALYZER_NUMBER_OBJECT_CONVERSION = YES_AGGRESSIVE;
				CLANG_CXX_LANGUAGE_STANDARD = "gnu++14";
				CLANG_CXX_LIBRARY = "libc++";
				CLANG_ENABLE_MODULES = YES;
				CLANG_ENABLE_OBJC_ARC = YES;
				CLANG_ENABLE_OBJC_WEAK = YES;
				CLANG_WARN_BLOCK_CAPTURE_AUTORELEASING = YES;
				CLANG_WARN_BOOL_CONVERSION = YES;
				CLANG_WARN_COMMA = YES;
				CLANG_WARN_CONSTANT_CONVERSION = YES;
				CLANG_WARN_DEPRECATED_OBJC_IMPLEMENTATIONS = YES;
				CLANG_WARN_DIRECT_OBJC_ISA_USAGE = YES_ERROR;
				CLANG_WARN_DOCUMENTATION_COMMENTS = YES;
				CLANG_WARN_EMPTY_BODY = YES;
				CLANG_WARN_ENUM_CONVERSION = YES;
				CLANG_WARN_INFINITE_RECURSION = YES;
				CLANG_WARN_INT_CONVERSION = YES;
				CLANG_WARN_NON_LITERAL_NULL_CONVERSION = YES;
				CLANG_WARN_OBJC_IMPLICIT_RETAIN_SELF = YES;
				CLANG_WARN_OBJC_LITERAL_CONVERSION = YES;
				CLANG_WARN_OBJC_ROOT_CLASS = YES_ERROR;
				CLANG_WARN_QUOTED_INCLUDE_IN_FRAMEWORK_HEADER = YES;
				CLANG_WARN_RANGE_LOOP_ANALYSIS = YES;
				CLANG_WARN_STRICT_PROTOTYPES = YES;
				CLANG_WARN_SUSPICIOUS_MOVE = YES;
				CLANG_WARN_UNGUARDED_AVAILABILITY = YES_AGGRESSIVE;
				CLANG_WARN_UNREACHABLE_CODE = YES;
				CLANG_WARN__DUPLICATE_METHOD_MATCH = YES;
				COPY_PHASE_STRIP = NO;
				CURRENT_PROJECT_VERSION = 1;
				DEBUG_INFORMATION_FORMAT = "dwarf-with-dsym";
				ENABLE_NS_ASSERTIONS = NO;
				ENABLE_STRICT_OBJC_MSGSEND = YES;
				GCC_C_LANGUAGE_STANDARD = gnu11;
				GCC_NO_COMMON_BLOCKS = YES;
				GCC_WARN_64_TO_32_BIT_CONVERSION = YES;
				GCC_WARN_ABOUT_RETURN_TYPE = YES_ERROR;
				GCC_WARN_UNDECLARED_SELECTOR = YES;
				GCC_WARN_UNINITIALIZED_AUTOS = YES_AGGRESSIVE;
				GCC_WARN_UNUSED_FUNCTION = YES;
				GCC_WARN_UNUSED_VARIABLE = YES;
				IPHONEOS_DEPLOYMENT_TARGET = 14.3;
				MTL_ENABLE_DEBUG_INFO = NO;
				MTL_FAST_MATH = YES;
				SDKROOT = iphoneos;
				SWIFT_COMPILATION_MODE = wholemodule;
				SWIFT_OPTIMIZATION_LEVEL = "-O";
				VALIDATE_PRODUCT = YES;
				VERSIONING_SYSTEM = "apple-generic";
				VERSION_INFO_PREFIX = "";
			};
			name = Release;
		};
		C3D5ED8D2589828500E4B234 /* Debug */ = {
			isa = XCBuildConfiguration;
			buildSettings = {
				CLANG_ENABLE_MODULES = YES;
				CODE_SIGN_STYLE = Automatic;
				DEFINES_MODULE = YES;
				DEVELOPMENT_TEAM = YENA34BLHT;
				DYLIB_COMPATIBILITY_VERSION = 1;
				DYLIB_CURRENT_VERSION = 1;
				DYLIB_INSTALL_NAME_BASE = "@rpath";
				INFOPLIST_FILE = EssentialFeed/Info.plist;
				INSTALL_PATH = "$(LOCAL_LIBRARY_DIR)/Frameworks";
				LD_RUNPATH_SEARCH_PATHS = (
					"$(inherited)",
					"@executable_path/Frameworks",
					"@loader_path/Frameworks",
				);
				PRODUCT_BUNDLE_IDENTIFIER = com.nschucky.EssentialFeed;
				PRODUCT_NAME = "$(TARGET_NAME:c99extidentifier)";
				SKIP_INSTALL = YES;
				SWIFT_OPTIMIZATION_LEVEL = "-Onone";
				SWIFT_VERSION = 5.0;
				TARGETED_DEVICE_FAMILY = "1,2";
			};
			name = Debug;
		};
		C3D5ED8E2589828500E4B234 /* Release */ = {
			isa = XCBuildConfiguration;
			buildSettings = {
				CLANG_ENABLE_MODULES = YES;
				CODE_SIGN_STYLE = Automatic;
				DEFINES_MODULE = YES;
				DEVELOPMENT_TEAM = YENA34BLHT;
				DYLIB_COMPATIBILITY_VERSION = 1;
				DYLIB_CURRENT_VERSION = 1;
				DYLIB_INSTALL_NAME_BASE = "@rpath";
				INFOPLIST_FILE = EssentialFeed/Info.plist;
				INSTALL_PATH = "$(LOCAL_LIBRARY_DIR)/Frameworks";
				LD_RUNPATH_SEARCH_PATHS = (
					"$(inherited)",
					"@executable_path/Frameworks",
					"@loader_path/Frameworks",
				);
				PRODUCT_BUNDLE_IDENTIFIER = com.nschucky.EssentialFeed;
				PRODUCT_NAME = "$(TARGET_NAME:c99extidentifier)";
				SKIP_INSTALL = YES;
				SWIFT_VERSION = 5.0;
				TARGETED_DEVICE_FAMILY = "1,2";
			};
			name = Release;
		};
		C3D5ED902589828500E4B234 /* Debug */ = {
			isa = XCBuildConfiguration;
			buildSettings = {
				ALWAYS_EMBED_SWIFT_STANDARD_LIBRARIES = YES;
				CLANG_ENABLE_MODULES = YES;
				CODE_SIGN_STYLE = Automatic;
				DEVELOPMENT_TEAM = YENA34BLHT;
				INFOPLIST_FILE = EssentialFeedTests/Info.plist;
				LD_RUNPATH_SEARCH_PATHS = (
					"$(inherited)",
					"@executable_path/Frameworks",
					"@loader_path/Frameworks",
				);
				PRODUCT_BUNDLE_IDENTIFIER = com.nschucky.EssentialFeedTests;
				PRODUCT_NAME = "$(TARGET_NAME)";
				SWIFT_OBJC_BRIDGING_HEADER = "EssentialFeedTests/EssentialFeedTests-Bridging-Header.h";
				SWIFT_OPTIMIZATION_LEVEL = "-Onone";
				SWIFT_VERSION = 5.0;
				TARGETED_DEVICE_FAMILY = "1,2";
			};
			name = Debug;
		};
		C3D5ED912589828500E4B234 /* Release */ = {
			isa = XCBuildConfiguration;
			buildSettings = {
				ALWAYS_EMBED_SWIFT_STANDARD_LIBRARIES = YES;
				CLANG_ENABLE_MODULES = YES;
				CODE_SIGN_STYLE = Automatic;
				DEVELOPMENT_TEAM = YENA34BLHT;
				INFOPLIST_FILE = EssentialFeedTests/Info.plist;
				LD_RUNPATH_SEARCH_PATHS = (
					"$(inherited)",
					"@executable_path/Frameworks",
					"@loader_path/Frameworks",
				);
				PRODUCT_BUNDLE_IDENTIFIER = com.nschucky.EssentialFeedTests;
				PRODUCT_NAME = "$(TARGET_NAME)";
				SWIFT_OBJC_BRIDGING_HEADER = "EssentialFeedTests/EssentialFeedTests-Bridging-Header.h";
				SWIFT_VERSION = 5.0;
				TARGETED_DEVICE_FAMILY = "1,2";
			};
			name = Release;
		};
		C3E133242593F9D9001C90B4 /* Debug */ = {
			isa = XCBuildConfiguration;
			buildSettings = {
				CODE_SIGN_STYLE = Automatic;
				DEVELOPMENT_TEAM = YENA34BLHT;
				INFOPLIST_FILE = EssentialFeedAPIEndToEndTests/Info.plist;
				LD_RUNPATH_SEARCH_PATHS = (
					"$(inherited)",
					"@executable_path/Frameworks",
					"@loader_path/Frameworks",
				);
				PRODUCT_BUNDLE_IDENTIFIER = com.nschucky.EssentialFeedAPIEndToEndTests;
				PRODUCT_NAME = "$(TARGET_NAME)";
				SWIFT_VERSION = 5.0;
				TARGETED_DEVICE_FAMILY = "1,2";
			};
			name = Debug;
		};
		C3E133252593F9D9001C90B4 /* Release */ = {
			isa = XCBuildConfiguration;
			buildSettings = {
				CODE_SIGN_STYLE = Automatic;
				DEVELOPMENT_TEAM = YENA34BLHT;
				INFOPLIST_FILE = EssentialFeedAPIEndToEndTests/Info.plist;
				LD_RUNPATH_SEARCH_PATHS = (
					"$(inherited)",
					"@executable_path/Frameworks",
					"@loader_path/Frameworks",
				);
				PRODUCT_BUNDLE_IDENTIFIER = com.nschucky.EssentialFeedAPIEndToEndTests;
				PRODUCT_NAME = "$(TARGET_NAME)";
				SWIFT_VERSION = 5.0;
				TARGETED_DEVICE_FAMILY = "1,2";
			};
			name = Release;
		};
/* End XCBuildConfiguration section */

/* Begin XCConfigurationList section */
		C3D5ED722589828400E4B234 /* Build configuration list for PBXProject "EssentialFeed" */ = {
			isa = XCConfigurationList;
			buildConfigurations = (
				C3D5ED8A2589828500E4B234 /* Debug */,
				C3D5ED8B2589828500E4B234 /* Release */,
			);
			defaultConfigurationIsVisible = 0;
			defaultConfigurationName = Release;
		};
		C3D5ED8C2589828500E4B234 /* Build configuration list for PBXNativeTarget "EssentialFeed" */ = {
			isa = XCConfigurationList;
			buildConfigurations = (
				C3D5ED8D2589828500E4B234 /* Debug */,
				C3D5ED8E2589828500E4B234 /* Release */,
			);
			defaultConfigurationIsVisible = 0;
			defaultConfigurationName = Release;
		};
		C3D5ED8F2589828500E4B234 /* Build configuration list for PBXNativeTarget "EssentialFeedTests" */ = {
			isa = XCConfigurationList;
			buildConfigurations = (
				C3D5ED902589828500E4B234 /* Debug */,
				C3D5ED912589828500E4B234 /* Release */,
			);
			defaultConfigurationIsVisible = 0;
			defaultConfigurationName = Release;
		};
		C3E133232593F9D9001C90B4 /* Build configuration list for PBXNativeTarget "EssentialFeedAPIEndToEndTests" */ = {
			isa = XCConfigurationList;
			buildConfigurations = (
				C3E133242593F9D9001C90B4 /* Debug */,
				C3E133252593F9D9001C90B4 /* Release */,
			);
			defaultConfigurationIsVisible = 0;
			defaultConfigurationName = Release;
		};
/* End XCConfigurationList section */
	};
	rootObject = C3D5ED6F2589828400E4B234 /* Project object */;
}
